schema: '2.0'
stages:
  train:
    cmd: python -m src.training.train
    deps:
    - path: config/config.yaml
      hash: md5
      md5: 45c9268e6eecef6556309b04cdd91e66
      size: 316
    - path: src/data
      hash: md5
      md5: f054b9ed21859ab0c07d7ccaeb960501.dir
      size: 7222
      nfiles: 7
    - path: src/features
      hash: md5
      md5: e4ff354fe909808d42cc253fff413acc.dir
      size: 15424
      nfiles: 11
    - path: src/models
      hash: md5
      md5: 60c2d46df62410877765b14c721da987.dir
      size: 21997
      nfiles: 16
    - path: src/training/train.py
      hash: md5
      md5: 581121cc8b32bbac396d4a274083ac74
      size: 11889
    outs:
    - path: artifacts
      hash: md5
      md5: beb26cab1093cbb32089a9dfb0e9c855.dir
      size: 989168
      nfiles: 7
    - path: models
      hash: md5
      md5: f079ddcda31fd2c01e8fe1fc3a69f415.dir
      size: 121228261
      nfiles: 5
  rank:
    cmd: python -m src.tracking.model_ranker
    deps:
    - path: mlflow.db
      hash: md5
      md5: 5801c24b6470c3b4cc029addf7fe573b
      size: 917504
    - path: src/tracking/model_ranker.py
      hash: md5
      md5: 404293453a004b3f206add5b01069db3
      size: 3963
